
Microsoft Visual Studio Solution File, Format Version 12.00
# Visual Studio Version 16
VisualStudioVersion = 16.0.28729.10
MinimumVisualStudioVersion = 10.0.40219.1
Project("{8BC9CEB8-8B4A-11D0-8D11-00A0C91BC942}") = "mj", "mj.vcxproj", "{7178929C-FFA3-4207-BB46-C892180312E4}"
EndProject
Global
	GlobalSection(SolutionConfigurationPlatforms) = preSolution
		Debug|x64 = Debug|x64
		Debug|x86 = Debug|x86
		Release|x64 = Release|x64
		Release|x86 = Release|x86
	EndGlobalSection
	GlobalSection(ProjectConfigurationPlatforms) = postSolution
		{7178929C-FFA3-4207-BB46-C892180312E4}.Debug|x64.ActiveCfg = Debug|x64
		{7178929C-FFA3-4207-BB46-C892180312E4}.Debug|x64.Build.0 = Debug|x64
		{7178929C-FFA3-4207-BB46-C892180312E4}.Debug|x86.ActiveCfg = Debug|Win32
		{7178929C-FFA3-4207-BB46-C892180312E4}.Debug|x86.Build.0 = Debug|Win32
		{7178929C-FFA3-4207-BB46-C892180312E4}.Release|x64.ActiveCfg = Release|x64
		{7178929C-FFA3-4207-BB46-C892180312E4}.Release|x64.Build.0 = Release|x64
		{7178929C-FFA3-4207-BB46-C892180312E4}.Release|x86.ActiveCfg = Release|Win32
		{7178929C-FFA3-4207-BB46-C892180312E4}.Release|x86.Build.0 = Release|Win32
	EndGlobalSection
	GlobalSection(SolutionProperties) = preSolution
		HideSolutionNode = FALSE
	EndGlobalSection
	GlobalSection(ExtensibilityGlobals) = postSolution
		SolutionGuid = {901BD27C-1A4E-4E89-BEFC-2DAE2C9365D5}
	EndGlobalSection
EndGlobal
